
Microsoft Visual Studio Solution File, Format Version 12.00
# Visual Studio Version 16
VisualStudioVersion = 16.0.34114.132
MinimumVisualStudioVersion = 10.0.40219.1
Project("{FAE04EC0-301F-11D3-BF4B-00C04F79EFBC}") = "SecureCoreR2Dev2", "SecureCoreR2Dev2\SecureCoreR2Dev2.csproj", "{299D578C-F117-4EE7-9396-B932DD4B38BF}"
EndProject
Project("{FAE04EC0-301F-11D3-BF4B-00C04F79EFBC}") = "LoginForms", "LoginForms\LoginForms.csproj", "{FBF00C47-A392-425E-B4CF-6A2DDE31E55F}"
EndProject
Project("{FAE04EC0-301F-11D3-BF4B-00C04F79EFBC}") = "MainForms", "MainForms\MainForms.csproj", "{B8AB7C7F-713B-43AA-A3EC-0589D8EDE40C}"
EndProject
Project("{FAE04EC0-301F-11D3-BF4B-00C04F79EFBC}") = "CustomControls", "CustomControls\CustomControls.csproj", "{BD887F3C-B07F-45F9-A60C-46A0C4003966}"
EndProject
Project("{FAE04EC0-301F-11D3-BF4B-00C04F79EFBC}") = "DataAccess", "DataAccess\DataAccess.csproj", "{32F0F4DD-8AD5-4F3C-B52F-0EA6FE1C0FA2}"
EndProject
Project("{FAE04EC0-301F-11D3-BF4B-00C04F79EFBC}") = "Utils", "Utils\Utils.csproj", "{6D724EE2-BB06-45EC-AF04-0C871EF5D035}"
EndProject
Project("{FAE04EC0-301F-11D3-BF4B-00C04F79EFBC}") = "UserCategories", "UserCategories\UserCategories.csproj", "{0B763992-2963-446E-9F60-D504BD6648A4}"
EndProject
Project("{FAE04EC0-301F-11D3-BF4B-00C04F79EFBC}") = "Planets", "Planets\Planets.csproj", "{6EF69C3F-E892-493F-8801-B37595BDA587}"
EndProject
Project("{FAE04EC0-301F-11D3-BF4B-00C04F79EFBC}") = "SpaceShipCategories", "SpaceShipCategories\SpaceShipCategories.csproj", "{F078B89A-D9C4-4BE9-9017-426BD1D9AD85}"
EndProject
Project("{FAE04EC0-301F-11D3-BF4B-00C04F79EFBC}") = "SpaceShipsTypes", "SpaceShipsTypes\SpaceShipsTypes.csproj", "{4E8C0295-0D5E-4722-B61C-0F10D4033977}"
EndProject
Global
	GlobalSection(SolutionConfigurationPlatforms) = preSolution
		Debug|Any CPU = Debug|Any CPU
		Release|Any CPU = Release|Any CPU
	EndGlobalSection
	GlobalSection(ProjectConfigurationPlatforms) = postSolution
		{299D578C-F117-4EE7-9396-B932DD4B38BF}.Debug|Any CPU.ActiveCfg = Debug|Any CPU
		{299D578C-F117-4EE7-9396-B932DD4B38BF}.Debug|Any CPU.Build.0 = Debug|Any CPU
		{299D578C-F117-4EE7-9396-B932DD4B38BF}.Release|Any CPU.ActiveCfg = Release|Any CPU
		{299D578C-F117-4EE7-9396-B932DD4B38BF}.Release|Any CPU.Build.0 = Release|Any CPU
		{FBF00C47-A392-425E-B4CF-6A2DDE31E55F}.Debug|Any CPU.ActiveCfg = Debug|Any CPU
		{FBF00C47-A392-425E-B4CF-6A2DDE31E55F}.Debug|Any CPU.Build.0 = Debug|Any CPU
		{FBF00C47-A392-425E-B4CF-6A2DDE31E55F}.Release|Any CPU.ActiveCfg = Release|Any CPU
		{FBF00C47-A392-425E-B4CF-6A2DDE31E55F}.Release|Any CPU.Build.0 = Release|Any CPU
		{B8AB7C7F-713B-43AA-A3EC-0589D8EDE40C}.Debug|Any CPU.ActiveCfg = Debug|Any CPU
		{B8AB7C7F-713B-43AA-A3EC-0589D8EDE40C}.Debug|Any CPU.Build.0 = Debug|Any CPU
		{B8AB7C7F-713B-43AA-A3EC-0589D8EDE40C}.Release|Any CPU.ActiveCfg = Release|Any CPU
		{B8AB7C7F-713B-43AA-A3EC-0589D8EDE40C}.Release|Any CPU.Build.0 = Release|Any CPU
		{BD887F3C-B07F-45F9-A60C-46A0C4003966}.Debug|Any CPU.ActiveCfg = Debug|Any CPU
		{BD887F3C-B07F-45F9-A60C-46A0C4003966}.Debug|Any CPU.Build.0 = Debug|Any CPU
		{BD887F3C-B07F-45F9-A60C-46A0C4003966}.Release|Any CPU.ActiveCfg = Release|Any CPU
		{BD887F3C-B07F-45F9-A60C-46A0C4003966}.Release|Any CPU.Build.0 = Release|Any CPU
		{32F0F4DD-8AD5-4F3C-B52F-0EA6FE1C0FA2}.Debug|Any CPU.ActiveCfg = Debug|Any CPU
		{32F0F4DD-8AD5-4F3C-B52F-0EA6FE1C0FA2}.Debug|Any CPU.Build.0 = Debug|Any CPU
		{32F0F4DD-8AD5-4F3C-B52F-0EA6FE1C0FA2}.Release|Any CPU.ActiveCfg = Release|Any CPU
		{32F0F4DD-8AD5-4F3C-B52F-0EA6FE1C0FA2}.Release|Any CPU.Build.0 = Release|Any CPU
		{6D724EE2-BB06-45EC-AF04-0C871EF5D035}.Debug|Any CPU.ActiveCfg = Debug|Any CPU
		{6D724EE2-BB06-45EC-AF04-0C871EF5D035}.Debug|Any CPU.Build.0 = Debug|Any CPU
		{6D724EE2-BB06-45EC-AF04-0C871EF5D035}.Release|Any CPU.ActiveCfg = Release|Any CPU
		{6D724EE2-BB06-45EC-AF04-0C871EF5D035}.Release|Any CPU.Build.0 = Release|Any CPU
		{0B763992-2963-446E-9F60-D504BD6648A4}.Debug|Any CPU.ActiveCfg = Debug|Any CPU
		{0B763992-2963-446E-9F60-D504BD6648A4}.Debug|Any CPU.Build.0 = Debug|Any CPU
		{0B763992-2963-446E-9F60-D504BD6648A4}.Release|Any CPU.ActiveCfg = Release|Any CPU
		{0B763992-2963-446E-9F60-D504BD6648A4}.Release|Any CPU.Build.0 = Release|Any CPU
		{6EF69C3F-E892-493F-8801-B37595BDA587}.Debug|Any CPU.ActiveCfg = Debug|Any CPU
		{6EF69C3F-E892-493F-8801-B37595BDA587}.Debug|Any CPU.Build.0 = Debug|Any CPU
		{6EF69C3F-E892-493F-8801-B37595BDA587}.Release|Any CPU.ActiveCfg = Release|Any CPU
		{6EF69C3F-E892-493F-8801-B37595BDA587}.Release|Any CPU.Build.0 = Release|Any CPU
		{F078B89A-D9C4-4BE9-9017-426BD1D9AD85}.Debug|Any CPU.ActiveCfg = Debug|Any CPU
		{F078B89A-D9C4-4BE9-9017-426BD1D9AD85}.Debug|Any CPU.Build.0 = Debug|Any CPU
		{F078B89A-D9C4-4BE9-9017-426BD1D9AD85}.Release|Any CPU.ActiveCfg = Release|Any CPU
		{F078B89A-D9C4-4BE9-9017-426BD1D9AD85}.Release|Any CPU.Build.0 = Release|Any CPU
		{4E8C0295-0D5E-4722-B61C-0F10D4033977}.Debug|Any CPU.ActiveCfg = Debug|Any CPU
		{4E8C0295-0D5E-4722-B61C-0F10D4033977}.Debug|Any CPU.Build.0 = Debug|Any CPU
		{4E8C0295-0D5E-4722-B61C-0F10D4033977}.Release|Any CPU.ActiveCfg = Release|Any CPU
		{4E8C0295-0D5E-4722-B61C-0F10D4033977}.Release|Any CPU.Build.0 = Release|Any CPU
	EndGlobalSection
	GlobalSection(SolutionProperties) = preSolution
		HideSolutionNode = FALSE
	EndGlobalSection
	GlobalSection(ExtensibilityGlobals) = postSolution
		SolutionGuid = {EEE8B6CD-4F17-41BC-A783-C35CA5D81975}
	EndGlobalSection
EndGlobal
